<Solution>
  <Project Path="D:/Приложения/Microsoft Visual Studio/эт работы мои бож/ClassLibrarySolution/DataAccess/DataAccess.csproj" />
  <Project Path="D:/Приложения/Microsoft Visual Studio/эт работы мои бож/ClassLibrarySolution/DesktopApp/DesktopApp.csproj" />
  <Project Path="D:/Приложения/Microsoft Visual Studio/эт работы мои бож/ClassLibrarySolution/WebApi/WebApi.csproj" />
</Solution>
